
Microsoft Visual Studio Solution File, Format Version 12.00
# Visual Studio Version 17
VisualStudioVersion = 17.9.34701.34
MinimumVisualStudioVersion = 10.0.40219.1
Project("{FAE04EC0-301F-11D3-BF4B-00C04F79EFBC}") = "trpo", "trpo\trpo.csproj", "{D45E5349-1541-4ED2-9350-3DA2CEBEDF1B}"
EndProject
Global
	GlobalSection(SolutionConfigurationPlatforms) = preSolution
		Debug|Any CPU = Debug|Any CPU
		Release|Any CPU = Release|Any CPU
	EndGlobalSection
	GlobalSection(ProjectConfigurationPlatforms) = postSolution
		{D45E5349-1541-4ED2-9350-3DA2CEBEDF1B}.Debug|Any CPU.ActiveCfg = Debug|Any CPU
		{D45E5349-1541-4ED2-9350-3DA2CEBEDF1B}.Debug|Any CPU.Build.0 = Debug|Any CPU
		{D45E5349-1541-4ED2-9350-3DA2CEBEDF1B}.Release|Any CPU.ActiveCfg = Release|Any CPU
		{D45E5349-1541-4ED2-9350-3DA2CEBEDF1B}.Release|Any CPU.Build.0 = Release|Any CPU
	EndGlobalSection
	GlobalSection(SolutionProperties) = preSolution
		HideSolutionNode = FALSE
	EndGlobalSection
	GlobalSection(ExtensibilityGlobals) = postSolution
		SolutionGuid = {8D1A3A4B-EB38-4994-B92D-52F1F2F7AFD8}
	EndGlobalSection
EndGlobal
